
Microsoft Visual Studio Solution File, Format Version 12.00
# Visual Studio 15
VisualStudioVersion = 15.0.26014.0
MinimumVisualStudioVersion = 10.0.40219.1
Project("{8BC9CEB8-8B4A-11D0-8D11-00A0C91BC942}") = "irMath", "irMath\irMath.vcxproj", "{CF4AD38D-EB41-4C5A-AB4A-5B9C070C93AD}"
	ProjectSection(ProjectDependencies) = postProject
		{959051C6-1D3A-4E05-8434-6EDA9A3FE762} = {959051C6-1D3A-4E05-8434-6EDA9A3FE762}
	EndProjectSection
EndProject
Project("{8BC9CEB8-8B4A-11D0-8D11-00A0C91BC942}") = "irUtils", "irUtils\irUtils.vcxproj", "{959051C6-1D3A-4E05-8434-6EDA9A3FE762}"
EndProject
Project("{8BC9CEB8-8B4A-11D0-8D11-00A0C91BC942}") = "irDyn", "irDyn\irDyn.vcxproj", "{AA1B0FA8-59F4-46CF-A207-951238792EC8}"
	ProjectSection(ProjectDependencies) = postProject
		{CF4AD38D-EB41-4C5A-AB4A-5B9C070C93AD} = {CF4AD38D-EB41-4C5A-AB4A-5B9C070C93AD}
		{959051C6-1D3A-4E05-8434-6EDA9A3FE762} = {959051C6-1D3A-4E05-8434-6EDA9A3FE762}
	EndProjectSection
EndProject
Project("{8BC9CEB8-8B4A-11D0-8D11-00A0C91BC942}") = "TestCode", "TestCode\TestCode.vcxproj", "{84C97CB7-D6A8-44CB-B4E8-229A75FD724C}"
	ProjectSection(ProjectDependencies) = postProject
		{89D28610-CBDC-4042-A89D-F97E94B75C87} = {89D28610-CBDC-4042-A89D-F97E94B75C87}
		{46ACB777-D017-4B2E-8C2E-4376B2D581C7} = {46ACB777-D017-4B2E-8C2E-4376B2D581C7}
		{CF4AD38D-EB41-4C5A-AB4A-5B9C070C93AD} = {CF4AD38D-EB41-4C5A-AB4A-5B9C070C93AD}
		{AA1B0FA8-59F4-46CF-A207-951238792EC8} = {AA1B0FA8-59F4-46CF-A207-951238792EC8}
		{3BB13BE7-5BD5-45DF-AA33-B9CD7CDE4711} = {3BB13BE7-5BD5-45DF-AA33-B9CD7CDE4711}
	EndProjectSection
EndProject
Project("{8BC9CEB8-8B4A-11D0-8D11-00A0C91BC942}") = "irRenderer", "irRenderer\irRenderer.vcxproj", "{89D28610-CBDC-4042-A89D-F97E94B75C87}"
	ProjectSection(ProjectDependencies) = postProject
		{CF4AD38D-EB41-4C5A-AB4A-5B9C070C93AD} = {CF4AD38D-EB41-4C5A-AB4A-5B9C070C93AD}
		{AA1B0FA8-59F4-46CF-A207-951238792EC8} = {AA1B0FA8-59F4-46CF-A207-951238792EC8}
		{959051C6-1D3A-4E05-8434-6EDA9A3FE762} = {959051C6-1D3A-4E05-8434-6EDA9A3FE762}
	EndProjectSection
EndProject
Project("{8BC9CEB8-8B4A-11D0-8D11-00A0C91BC942}") = "UAVDyn", "UAVDyn\UAVDyn.vcxproj", "{46ACB777-D017-4B2E-8C2E-4376B2D581C7}"
	ProjectSection(ProjectDependencies) = postProject
		{CF4AD38D-EB41-4C5A-AB4A-5B9C070C93AD} = {CF4AD38D-EB41-4C5A-AB4A-5B9C070C93AD}
		{AA1B0FA8-59F4-46CF-A207-951238792EC8} = {AA1B0FA8-59F4-46CF-A207-951238792EC8}
		{959051C6-1D3A-4E05-8434-6EDA9A3FE762} = {959051C6-1D3A-4E05-8434-6EDA9A3FE762}
	EndProjectSection
EndProject
Project("{8BC9CEB8-8B4A-11D0-8D11-00A0C91BC942}") = "UAVTrajectory", "UAVTrajectory\UAVTrajectory.vcxproj", "{3BB13BE7-5BD5-45DF-AA33-B9CD7CDE4711}"
	ProjectSection(ProjectDependencies) = postProject
		{46ACB777-D017-4B2E-8C2E-4376B2D581C7} = {46ACB777-D017-4B2E-8C2E-4376B2D581C7}
	EndProjectSection
EndProject
Global
	GlobalSection(SolutionConfigurationPlatforms) = preSolution
		Debug|x64 = Debug|x64
		Debug|x86 = Debug|x86
		Release|x64 = Release|x64
		Release|x86 = Release|x86
	EndGlobalSection
	GlobalSection(ProjectConfigurationPlatforms) = postSolution
		{CF4AD38D-EB41-4C5A-AB4A-5B9C070C93AD}.Debug|x64.ActiveCfg = Debug|x64
		{CF4AD38D-EB41-4C5A-AB4A-5B9C070C93AD}.Debug|x64.Build.0 = Debug|x64
		{CF4AD38D-EB41-4C5A-AB4A-5B9C070C93AD}.Debug|x86.ActiveCfg = Debug|Win32
		{CF4AD38D-EB41-4C5A-AB4A-5B9C070C93AD}.Debug|x86.Build.0 = Debug|Win32
		{CF4AD38D-EB41-4C5A-AB4A-5B9C070C93AD}.Release|x64.ActiveCfg = Release|x64
		{CF4AD38D-EB41-4C5A-AB4A-5B9C070C93AD}.Release|x64.Build.0 = Release|x64
		{CF4AD38D-EB41-4C5A-AB4A-5B9C070C93AD}.Release|x86.ActiveCfg = Release|Win32
		{CF4AD38D-EB41-4C5A-AB4A-5B9C070C93AD}.Release|x86.Build.0 = Release|Win32
		{959051C6-1D3A-4E05-8434-6EDA9A3FE762}.Debug|x64.ActiveCfg = Debug|x64
		{959051C6-1D3A-4E05-8434-6EDA9A3FE762}.Debug|x64.Build.0 = Debug|x64
		{959051C6-1D3A-4E05-8434-6EDA9A3FE762}.Debug|x86.ActiveCfg = Debug|Win32
		{959051C6-1D3A-4E05-8434-6EDA9A3FE762}.Debug|x86.Build.0 = Debug|Win32
		{959051C6-1D3A-4E05-8434-6EDA9A3FE762}.Release|x64.ActiveCfg = Release|x64
		{959051C6-1D3A-4E05-8434-6EDA9A3FE762}.Release|x64.Build.0 = Release|x64
		{959051C6-1D3A-4E05-8434-6EDA9A3FE762}.Release|x86.ActiveCfg = Release|Win32
		{959051C6-1D3A-4E05-8434-6EDA9A3FE762}.Release|x86.Build.0 = Release|Win32
		{AA1B0FA8-59F4-46CF-A207-951238792EC8}.Debug|x64.ActiveCfg = Debug|x64
		{AA1B0FA8-59F4-46CF-A207-951238792EC8}.Debug|x64.Build.0 = Debug|x64
		{AA1B0FA8-59F4-46CF-A207-951238792EC8}.Debug|x86.ActiveCfg = Debug|Win32
		{AA1B0FA8-59F4-46CF-A207-951238792EC8}.Debug|x86.Build.0 = Debug|Win32
		{AA1B0FA8-59F4-46CF-A207-951238792EC8}.Release|x64.ActiveCfg = Release|x64
		{AA1B0FA8-59F4-46CF-A207-951238792EC8}.Release|x64.Build.0 = Release|x64
		{AA1B0FA8-59F4-46CF-A207-951238792EC8}.Release|x86.ActiveCfg = Release|Win32
		{AA1B0FA8-59F4-46CF-A207-951238792EC8}.Release|x86.Build.0 = Release|Win32
		{84C97CB7-D6A8-44CB-B4E8-229A75FD724C}.Debug|x64.ActiveCfg = Debug|x64
		{84C97CB7-D6A8-44CB-B4E8-229A75FD724C}.Debug|x64.Build.0 = Debug|x64
		{84C97CB7-D6A8-44CB-B4E8-229A75FD724C}.Debug|x86.ActiveCfg = Debug|Win32
		{84C97CB7-D6A8-44CB-B4E8-229A75FD724C}.Debug|x86.Build.0 = Debug|Win32
		{84C97CB7-D6A8-44CB-B4E8-229A75FD724C}.Release|x64.ActiveCfg = Release|x64
		{84C97CB7-D6A8-44CB-B4E8-229A75FD724C}.Release|x64.Build.0 = Release|x64
		{84C97CB7-D6A8-44CB-B4E8-229A75FD724C}.Release|x86.ActiveCfg = Release|Win32
		{84C97CB7-D6A8-44CB-B4E8-229A75FD724C}.Release|x86.Build.0 = Release|Win32
		{89D28610-CBDC-4042-A89D-F97E94B75C87}.Debug|x64.ActiveCfg = Debug|x64
		{89D28610-CBDC-4042-A89D-F97E94B75C87}.Debug|x64.Build.0 = Debug|x64
		{89D28610-CBDC-4042-A89D-F97E94B75C87}.Debug|x86.ActiveCfg = Debug|Win32
		{89D28610-CBDC-4042-A89D-F97E94B75C87}.Debug|x86.Build.0 = Debug|Win32
		{89D28610-CBDC-4042-A89D-F97E94B75C87}.Release|x64.ActiveCfg = Release|x64
		{89D28610-CBDC-4042-A89D-F97E94B75C87}.Release|x64.Build.0 = Release|x64
		{89D28610-CBDC-4042-A89D-F97E94B75C87}.Release|x86.ActiveCfg = Release|Win32
		{89D28610-CBDC-4042-A89D-F97E94B75C87}.Release|x86.Build.0 = Release|Win32
		{46ACB777-D017-4B2E-8C2E-4376B2D581C7}.Debug|x64.ActiveCfg = Debug|x64
		{46ACB777-D017-4B2E-8C2E-4376B2D581C7}.Debug|x64.Build.0 = Debug|x64
		{46ACB777-D017-4B2E-8C2E-4376B2D581C7}.Debug|x86.ActiveCfg = Debug|Win32
		{46ACB777-D017-4B2E-8C2E-4376B2D581C7}.Debug|x86.Build.0 = Debug|Win32
		{46ACB777-D017-4B2E-8C2E-4376B2D581C7}.Release|x64.ActiveCfg = Release|x64
		{46ACB777-D017-4B2E-8C2E-4376B2D581C7}.Release|x64.Build.0 = Release|x64
		{46ACB777-D017-4B2E-8C2E-4376B2D581C7}.Release|x86.ActiveCfg = Release|Win32
		{46ACB777-D017-4B2E-8C2E-4376B2D581C7}.Release|x86.Build.0 = Release|Win32
		{3BB13BE7-5BD5-45DF-AA33-B9CD7CDE4711}.Debug|x64.ActiveCfg = Debug|x64
		{3BB13BE7-5BD5-45DF-AA33-B9CD7CDE4711}.Debug|x64.Build.0 = Debug|x64
		{3BB13BE7-5BD5-45DF-AA33-B9CD7CDE4711}.Debug|x86.ActiveCfg = Debug|Win32
		{3BB13BE7-5BD5-45DF-AA33-B9CD7CDE4711}.Debug|x86.Build.0 = Debug|Win32
		{3BB13BE7-5BD5-45DF-AA33-B9CD7CDE4711}.Release|x64.ActiveCfg = Release|x64
		{3BB13BE7-5BD5-45DF-AA33-B9CD7CDE4711}.Release|x64.Build.0 = Release|x64
		{3BB13BE7-5BD5-45DF-AA33-B9CD7CDE4711}.Release|x86.ActiveCfg = Release|Win32
		{3BB13BE7-5BD5-45DF-AA33-B9CD7CDE4711}.Release|x86.Build.0 = Release|Win32
	EndGlobalSection
	GlobalSection(SolutionProperties) = preSolution
		HideSolutionNode = FALSE
	EndGlobalSection
EndGlobal
